
Microsoft Visual Studio Solution File, Format Version 12.00
# Visual Studio Version 17
VisualStudioVersion = 17.7.34024.191
MinimumVisualStudioVersion = 10.0.40219.1
Project("{FAE04EC0-301F-11D3-BF4B-00C04F79EFBC}") = "WhiteLagoon.Web", "WhiteLagoon.Web\WhiteLagoon.Web.csproj", "{EC953531-C0BD-47D3-8A19-E598DFBB0961}"
EndProject
Global
	GlobalSection(SolutionConfigurationPlatforms) = preSolution
		Debug|Any CPU = Debug|Any CPU
		Release|Any CPU = Release|Any CPU
	EndGlobalSection
	GlobalSection(ProjectConfigurationPlatforms) = postSolution
		{EC953531-C0BD-47D3-8A19-E598DFBB0961}.Debug|Any CPU.ActiveCfg = Debug|Any CPU
		{EC953531-C0BD-47D3-8A19-E598DFBB0961}.Debug|Any CPU.Build.0 = Debug|Any CPU
		{EC953531-C0BD-47D3-8A19-E598DFBB0961}.Release|Any CPU.ActiveCfg = Release|Any CPU
		{EC953531-C0BD-47D3-8A19-E598DFBB0961}.Release|Any CPU.Build.0 = Release|Any CPU
	EndGlobalSection
	GlobalSection(SolutionProperties) = preSolution
		HideSolutionNode = FALSE
	EndGlobalSection
	GlobalSection(ExtensibilityGlobals) = postSolution
		SolutionGuid = {06091542-3F11-40F4-8FC2-4F9881A438B6}
	EndGlobalSection
EndGlobal
